// !$*UTF8*$!
{
	archiveVersion = 1;
	classes = {
	};
	objectVersion = 56;
	objects = {

/* Begin PBXBuildFile section */
		1C0457D32A81F73700922B48 /* AppDelegate.swift in Sources */ = {isa = PBXBuildFile; fileRef = 1C0457D22A81F73700922B48 /* AppDelegate.swift */; };
		1C0457D52A81F73700922B48 /* SceneDelegate.swift in Sources */ = {isa = PBXBuildFile; fileRef = 1C0457D42A81F73700922B48 /* SceneDelegate.swift */; };
		1C0457D72A81F73700922B48 /* ViewController.swift in Sources */ = {isa = PBXBuildFile; fileRef = 1C0457D62A81F73700922B48 /* ViewController.swift */; };
		1C0457DA2A81F73700922B48 /* Main.storyboard in Resources */ = {isa = PBXBuildFile; fileRef = 1C0457D82A81F73700922B48 /* Main.storyboard */; };
		1C0457DC2A81F73800922B48 /* Assets.xcassets in Resources */ = {isa = PBXBuildFile; fileRef = 1C0457DB2A81F73800922B48 /* Assets.xcassets */; };
		1C0457DF2A81F73800922B48 /* LaunchScreen.storyboard in Resources */ = {isa = PBXBuildFile; fileRef = 1C0457DD2A81F73800922B48 /* LaunchScreen.storyboard */; };
		1C0457EA2A81F73800922B48 /* MVVMCleanRxDemoTests.swift in Sources */ = {isa = PBXBuildFile; fileRef = 1C0457E92A81F73800922B48 /* MVVMCleanRxDemoTests.swift */; };
		1C0457F42A81F73800922B48 /* MVVMCleanRxDemoUITests.swift in Sources */ = {isa = PBXBuildFile; fileRef = 1C0457F32A81F73800922B48 /* MVVMCleanRxDemoUITests.swift */; };
		1C0457F62A81F73800922B48 /* MVVMCleanRxDemoUITestsLaunchTests.swift in Sources */ = {isa = PBXBuildFile; fileRef = 1C0457F52A81F73800922B48 /* MVVMCleanRxDemoUITestsLaunchTests.swift */; };
/* End PBXBuildFile section */

/* Begin PBXContainerItemProxy section */
		1C0457E62A81F73800922B48 /* PBXContainerItemProxy */ = {
			isa = PBXContainerItemProxy;
			containerPortal = 1C0457C72A81F73700922B48 /* Project object */;
			proxyType = 1;
			remoteGlobalIDString = 1C0457CE2A81F73700922B48;
			remoteInfo = MVVMCleanRxDemo;
		};
		1C0457F02A81F73800922B48 /* PBXContainerItemProxy */ = {
			isa = PBXContainerItemProxy;
			containerPortal = 1C0457C72A81F73700922B48 /* Project object */;
			proxyType = 1;
			remoteGlobalIDString = 1C0457CE2A81F73700922B48;
			remoteInfo = MVVMCleanRxDemo;
		};
/* End PBXContainerItemProxy section */

/* Begin PBXFileReference section */
		1C0457CF2A81F73700922B48 /* MVVMCleanRxDemo.app */ = {isa = PBXFileReference; explicitFileType = wrapper.application; includeInIndex = 0; path = MVVMCleanRxDemo.app; sourceTree = BUILT_PRODUCTS_DIR; };
		1C0457D22A81F73700922B48 /* AppDelegate.swift */ = {isa = PBXFileReference; lastKnownFileType = sourcecode.swift; path = AppDelegate.swift; sourceTree = "<group>"; };
		1C0457D42A81F73700922B48 /* SceneDelegate.swift */ = {isa = PBXFileReference; lastKnownFileType = sourcecode.swift; path = SceneDelegate.swift; sourceTree = "<group>"; };
		1C0457D62A81F73700922B48 /* ViewController.swift */ = {isa = PBXFileReference; lastKnownFileType = sourcecode.swift; path = ViewController.swift; sourceTree = "<group>"; };
		1C0457D92A81F73700922B48 /* Base */ = {isa = PBXFileReference; lastKnownFileType = file.storyboard; name = Base; path = Base.lproj/Main.storyboard; sourceTree = "<group>"; };
		1C0457DB2A81F73800922B48 /* Assets.xcassets */ = {isa = PBXFileReference; lastKnownFileType = folder.assetcatalog; path = Assets.xcassets; sourceTree = "<group>"; };
		1C0457DE2A81F73800922B48 /* Base */ = {isa = PBXFileReference; lastKnownFileType = file.storyboard; name = Base; path = Base.lproj/LaunchScreen.storyboard; sourceTree = "<group>"; };
		1C0457E02A81F73800922B48 /* Info.plist */ = {isa = PBXFileReference; lastKnownFileType = text.plist.xml; path = Info.plist; sourceTree = "<group>"; };
		1C0457E52A81F73800922B48 /* MVVMCleanRxDemoTests.xctest */ = {isa = PBXFileReference; explicitFileType = wrapper.cfbundle; includeInIndex = 0; path = MVVMCleanRxDemoTests.xctest; sourceTree = BUILT_PRODUCTS_DIR; };
		1C0457E92A81F73800922B48 /* MVVMCleanRxDemoTests.swift */ = {isa = PBXFileReference; lastKnownFileType = sourcecode.swift; path = MVVMCleanRxDemoTests.swift; sourceTree = "<group>"; };
		1C0457EF2A81F73800922B48 /* MVVMCleanRxDemoUITests.xctest */ = {isa = PBXFileReference; explicitFileType = wrapper.cfbundle; includeInIndex = 0; path = MVVMCleanRxDemoUITests.xctest; sourceTree = BUILT_PRODUCTS_DIR; };
		1C0457F32A81F73800922B48 /* MVVMCleanRxDemoUITests.swift */ = {isa = PBXFileReference; lastKnownFileType = sourcecode.swift; path = MVVMCleanRxDemoUITests.swift; sourceTree = "<group>"; };
		1C0457F52A81F73800922B48 /* MVVMCleanRxDemoUITestsLaunchTests.swift */ = {isa = PBXFileReference; lastKnownFileType = sourcecode.swift; path = MVVMCleanRxDemoUITestsLaunchTests.swift; sourceTree = "<group>"; };
/* End PBXFileReference section */

/* Begin PBXFrameworksBuildPhase section */
		1C0457CC2A81F73700922B48 /* Frameworks */ = {
			isa = PBXFrameworksBuildPhase;
			buildActionMask = 2147483647;
			files = (
			);
			runOnlyForDeploymentPostprocessing = 0;
		};
		1C0457E22A81F73800922B48 /* Frameworks */ = {
			isa = PBXFrameworksBuildPhase;
			buildActionMask = 2147483647;
			files = (
			);
			runOnlyForDeploymentPostprocessing = 0;
		};
		1C0457EC2A81F73800922B48 /* Frameworks */ = {
			isa = PBXFrameworksBuildPhase;
			buildActionMask = 2147483647;
			files = (
			);
			runOnlyForDeploymentPostprocessing = 0;
		};
/* End PBXFrameworksBuildPhase section */

/* Begin PBXGroup section */
		1C0457C62A81F73700922B48 = {
			isa = PBXGroup;
			children = (
				1C0457D12A81F73700922B48 /* MVVMCleanRxDemo */,
				1C0457E82A81F73800922B48 /* MVVMCleanRxDemoTests */,
				1C0457F22A81F73800922B48 /* MVVMCleanRxDemoUITests */,
				1C0457D02A81F73700922B48 /* Products */,
			);
			sourceTree = "<group>";
		};
		1C0457D02A81F73700922B48 /* Products */ = {
			isa = PBXGroup;
			children = (
				1C0457CF2A81F73700922B48 /* MVVMCleanRxDemo.app */,
				1C0457E52A81F73800922B48 /* MVVMCleanRxDemoTests.xctest */,
				1C0457EF2A81F73800922B48 /* MVVMCleanRxDemoUITests.xctest */,
			);
			name = Products;
			sourceTree = "<group>";
		};
		1C0457D12A81F73700922B48 /* MVVMCleanRxDemo */ = {
			isa = PBXGroup;
			children = (
				1C0457D22A81F73700922B48 /* AppDelegate.swift */,
				1C0457D42A81F73700922B48 /* SceneDelegate.swift */,
				1C0457D62A81F73700922B48 /* ViewController.swift */,
				1C0457D82A81F73700922B48 /* Main.storyboard */,
				1C0457DB2A81F73800922B48 /* Assets.xcassets */,
				1C0457DD2A81F73800922B48 /* LaunchScreen.storyboard */,
				1C0457E02A81F73800922B48 /* Info.plist */,
			);
			path = MVVMCleanRxDemo;
			sourceTree = "<group>";
		};
		1C0457E82A81F73800922B48 /* MVVMCleanRxDemoTests */ = {
			isa = PBXGroup;
			children = (
				1C0457E92A81F73800922B48 /* MVVMCleanRxDemoTests.swift */,
			);
			path = MVVMCleanRxDemoTests;
			sourceTree = "<group>";
		};
		1C0457F22A81F73800922B48 /* MVVMCleanRxDemoUITests */ = {
			isa = PBXGroup;
			children = (
				1C0457F32A81F73800922B48 /* MVVMCleanRxDemoUITests.swift */,
				1C0457F52A81F73800922B48 /* MVVMCleanRxDemoUITestsLaunchTests.swift */,
			);
			path = MVVMCleanRxDemoUITests;
			sourceTree = "<group>";
		};
/* End PBXGroup section */

/* Begin PBXNativeTarget section */
		1C0457CE2A81F73700922B48 /* MVVMCleanRxDemo */ = {
			isa = PBXNativeTarget;
			buildConfigurationList = 1C0457F92A81F73800922B48 /* Build configuration list for PBXNativeTarget "MVVMCleanRxDemo" */;
			buildPhases = (
				1C0457CB2A81F73700922B48 /* Sources */,
				1C0457CC2A81F73700922B48 /* Frameworks */,
				1C0457CD2A81F73700922B48 /* Resources */,
			);
			buildRules = (
			);
			dependencies = (
			);
			name = MVVMCleanRxDemo;
			productName = MVVMCleanRxDemo;
			productReference = 1C0457CF2A81F73700922B48 /* MVVMCleanRxDemo.app */;
			productType = "com.apple.product-type.application";
		};
		1C0457E42A81F73800922B48 /* MVVMCleanRxDemoTests */ = {
			isa = PBXNativeTarget;
			buildConfigurationList = 1C0457FC2A81F73800922B48 /* Build configuration list for PBXNativeTarget "MVVMCleanRxDemoTests" */;
			buildPhases = (
				1C0457E12A81F73800922B48 /* Sources */,
				1C0457E22A81F73800922B48 /* Frameworks */,
				1C0457E32A81F73800922B48 /* Resources */,
			);
			buildRules = (
			);
			dependencies = (
				1C0457E72A81F73800922B48 /* PBXTargetDependency */,
			);
			name = MVVMCleanRxDemoTests;
			productName = MVVMCleanRxDemoTests;
			productReference = 1C0457E52A81F73800922B48 /* MVVMCleanRxDemoTests.xctest */;
			productType = "com.apple.product-type.bundle.unit-test";
		};
		1C0457EE2A81F73800922B48 /* MVVMCleanRxDemoUITests */ = {
			isa = PBXNativeTarget;
			buildConfigurationList = 1C0457FF2A81F73800922B48 /* Build configuration list for PBXNativeTarget "MVVMCleanRxDemoUITests" */;
			buildPhases = (
				1C0457EB2A81F73800922B48 /* Sources */,
				1C0457EC2A81F73800922B48 /* Frameworks */,
				1C0457ED2A81F73800922B48 /* Resources */,
			);
			buildRules = (
			);
			dependencies = (
				1C0457F12A81F73800922B48 /* PBXTargetDependency */,
			);
			name = MVVMCleanRxDemoUITests;
			productName = MVVMCleanRxDemoUITests;
			productReference = 1C0457EF2A81F73800922B48 /* MVVMCleanRxDemoUITests.xctest */;
			productType = "com.apple.product-type.bundle.ui-testing";
		};
/* End PBXNativeTarget section */

/* Begin PBXProject section */
		1C0457C72A81F73700922B48 /* Project object */ = {
			isa = PBXProject;
			attributes = {
				BuildIndependentTargetsInParallel = 1;
				LastSwiftUpdateCheck = 1430;
				LastUpgradeCheck = 1430;
				TargetAttributes = {
					1C0457CE2A81F73700922B48 = {
						CreatedOnToolsVersion = 14.3.1;
					};
					1C0457E42A81F73800922B48 = {
						CreatedOnToolsVersion = 14.3.1;
						TestTargetID = 1C0457CE2A81F73700922B48;
					};
					1C0457EE2A81F73800922B48 = {
						CreatedOnToolsVersion = 14.3.1;
						TestTargetID = 1C0457CE2A81F73700922B48;
					};
				};
			};
			buildConfigurationList = 1C0457CA2A81F73700922B48 /* Build configuration list for PBXProject "MVVMCleanRxDemo" */;
			compatibilityVersion = "Xcode 14.0";
			developmentRegion = en;
			hasScannedForEncodings = 0;
			knownRegions = (
				en,
				Base,
			);
			mainGroup = 1C0457C62A81F73700922B48;
			productRefGroup = 1C0457D02A81F73700922B48 /* Products */;
			projectDirPath = "";
			projectRoot = "";
			targets = (
				1C0457CE2A81F73700922B48 /* MVVMCleanRxDemo */,
				1C0457E42A81F73800922B48 /* MVVMCleanRxDemoTests */,
				1C0457EE2A81F73800922B48 /* MVVMCleanRxDemoUITests */,
			);
		};
/* End PBXProject section */

/* Begin PBXResourcesBuildPhase section */
		1C0457CD2A81F73700922B48 /* Resources */ = {
			isa = PBXResourcesBuildPhase;
			buildActionMask = 2147483647;
			files = (
				1C0457DF2A81F73800922B48 /* LaunchScreen.storyboard in Resources */,
				1C0457DC2A81F73800922B48 /* Assets.xcassets in Resources */,
				1C0457DA2A81F73700922B48 /* Main.storyboard in Resources */,
			);
			runOnlyForDeploymentPostprocessing = 0;
		};
		1C0457E32A81F73800922B48 /* Resources */ = {
			isa = PBXResourcesBuildPhase;
			buildActionMask = 2147483647;
			files = (
			);
			runOnlyForDeploymentPostprocessing = 0;
		};
		1C0457ED2A81F73800922B48 /* Resources */ = {
			isa = PBXResourcesBuildPhase;
			buildActionMask = 2147483647;
			files = (
			);
			runOnlyForDeploymentPostprocessing = 0;
		};
/* End PBXResourcesBuildPhase section */

/* Begin PBXSourcesBuildPhase section */
		1C0457CB2A81F73700922B48 /* Sources */ = {
			isa = PBXSourcesBuildPhase;
			buildActionMask = 2147483647;
			files = (
				1C0457D72A81F73700922B48 /* ViewController.swift in Sources */,
				1C0457D32A81F73700922B48 /* AppDelegate.swift in Sources */,
				1C0457D52A81F73700922B48 /* SceneDelegate.swift in Sources */,
			);
			runOnlyForDeploymentPostprocessing = 0;
		};
		1C0457E12A81F73800922B48 /* Sources */ = {
			isa = PBXSourcesBuildPhase;
			buildActionMask = 2147483647;
			files = (
				1C0457EA2A81F73800922B48 /* MVVMCleanRxDemoTests.swift in Sources */,
			);
			runOnlyForDeploymentPostprocessing = 0;
		};
		1C0457EB2A81F73800922B48 /* Sources */ = {
			isa = PBXSourcesBuildPhase;
			buildActionMask = 2147483647;
			files = (
				1C0457F42A81F73800922B48 /* MVVMCleanRxDemoUITests.swift in Sources */,
				1C0457F62A81F73800922B48 /* MVVMCleanRxDemoUITestsLaunchTests.swift in Sources */,
			);
			runOnlyForDeploymentPostprocessing = 0;
		};
/* End PBXSourcesBuildPhase section */

/* Begin PBXTargetDependency section */
		1C0457E72A81F73800922B48 /* PBXTargetDependency */ = {
			isa = PBXTargetDependency;
			target = 1C0457CE2A81F73700922B48 /* MVVMCleanRxDemo */;
			targetProxy = 1C0457E62A81F73800922B48 /* PBXContainerItemProxy */;
		};
		1C0457F12A81F73800922B48 /* PBXTargetDependency */ = {
			isa = PBXTargetDependency;
			target = 1C0457CE2A81F73700922B48 /* MVVMCleanRxDemo */;
			targetProxy = 1C0457F02A81F73800922B48 /* PBXContainerItemProxy */;
		};
/* End PBXTargetDependency section */

/* Begin PBXVariantGroup section */
		1C0457D82A81F73700922B48 /* Main.storyboard */ = {
			isa = PBXVariantGroup;
			children = (
				1C0457D92A81F73700922B48 /* Base */,
			);
			name = Main.storyboard;
			sourceTree = "<group>";
		};
		1C0457DD2A81F73800922B48 /* LaunchScreen.storyboard */ = {
			isa = PBXVariantGroup;
			children = (
				1C0457DE2A81F73800922B48 /* Base */,
			);
			name = LaunchScreen.storyboard;
			sourceTree = "<group>";
		};
/* End PBXVariantGroup section */

/* Begin XCBuildConfiguration section */
		1C0457F72A81F73800922B48 /* Debug */ = {
			isa = XCBuildConfiguration;
			buildSettings = {
				ALWAYS_SEARCH_USER_PATHS = NO;
				CLANG_ANALYZER_NONNULL = YES;
				CLANG_ANALYZER_NUMBER_OBJECT_CONVERSION = YES_AGGRESSIVE;
				CLANG_CXX_LANGUAGE_STANDARD = "gnu++20";
				CLANG_ENABLE_MODULES = YES;
				CLANG_ENABLE_OBJC_ARC = YES;
				CLANG_ENABLE_OBJC_WEAK = YES;
				CLANG_WARN_BLOCK_CAPTURE_AUTORELEASING = YES;
				CLANG_WARN_BOOL_CONVERSION = YES;
				CLANG_WARN_COMMA = YES;
				CLANG_WARN_CONSTANT_CONVERSION = YES;
				CLANG_WARN_DEPRECATED_OBJC_IMPLEMENTATIONS = YES;
				CLANG_WARN_DIRECT_OBJC_ISA_USAGE = YES_ERROR;
				CLANG_WARN_DOCUMENTATION_COMMENTS = YES;
				CLANG_WARN_EMPTY_BODY = YES;
				CLANG_WARN_ENUM_CONVERSION = YES;
				CLANG_WARN_INFINITE_RECURSION = YES;
				CLANG_WARN_INT_CONVERSION = YES;
				CLANG_WARN_NON_LITERAL_NULL_CONVERSION = YES;
				CLANG_WARN_OBJC_IMPLICIT_RETAIN_SELF = YES;
				CLANG_WARN_OBJC_LITERAL_CONVERSION = YES;
				CLANG_WARN_OBJC_ROOT_CLASS = YES_ERROR;
				CLANG_WARN_QUOTED_INCLUDE_IN_FRAMEWORK_HEADER = YES;
				CLANG_WARN_RANGE_LOOP_ANALYSIS = YES;
				CLANG_WARN_STRICT_PROTOTYPES = YES;
				CLANG_WARN_SUSPICIOUS_MOVE = YES;
				CLANG_WARN_UNGUARDED_AVAILABILITY = YES_AGGRESSIVE;
				CLANG_WARN_UNREACHABLE_CODE = YES;
				CLANG_WARN__DUPLICATE_METHOD_MATCH = YES;
				COPY_PHASE_STRIP = NO;
				DEBUG_INFORMATION_FORMAT = dwarf;
				ENABLE_STRICT_OBJC_MSGSEND = YES;
				ENABLE_TESTABILITY = YES;
				GCC_C_LANGUAGE_STANDARD = gnu11;
				GCC_DYNAMIC_NO_PIC = NO;
				GCC_NO_COMMON_BLOCKS = YES;
				GCC_OPTIMIZATION_LEVEL = 0;
				GCC_PREPROCESSOR_DEFINITIONS = (
					"DEBUG=1",
					"$(inherited)",
				);
				GCC_WARN_64_TO_32_BIT_CONVERSION = YES;
				GCC_WARN_ABOUT_RETURN_TYPE = YES_ERROR;
				GCC_WARN_UNDECLARED_SELECTOR = YES;
				GCC_WARN_UNINITIALIZED_AUTOS = YES_AGGRESSIVE;
				GCC_WARN_UNUSED_FUNCTION = YES;
				GCC_WARN_UNUSED_VARIABLE = YES;
				IPHONEOS_DEPLOYMENT_TARGET = 16.4;
				MTL_ENABLE_DEBUG_INFO = INCLUDE_SOURCE;
				MTL_FAST_MATH = YES;
				ONLY_ACTIVE_ARCH = YES;
				SDKROOT = iphoneos;
				SWIFT_ACTIVE_COMPILATION_CONDITIONS = DEBUG;
				SWIFT_OPTIMIZATION_LEVEL = "-Onone";
			};
			name = Debug;
		};
		1C0457F82A81F73800922B48 /* Release */ = {
			isa = XCBuildConfiguration;
			buildSettings = {
				ALWAYS_SEARCH_USER_PATHS = NO;
				CLANG_ANALYZER_NONNULL = YES;
				CLANG_ANALYZER_NUMBER_OBJECT_CONVERSION = YES_AGGRESSIVE;
				CLANG_CXX_LANGUAGE_STANDARD = "gnu++20";
				CLANG_ENABLE_MODULES = YES;
				CLANG_ENABLE_OBJC_ARC = YES;
				CLANG_ENABLE_OBJC_WEAK = YES;
				CLANG_WARN_BLOCK_CAPTURE_AUTORELEASING = YES;
				CLANG_WARN_BOOL_CONVERSION = YES;
				CLANG_WARN_COMMA = YES;
				CLANG_WARN_CONSTANT_CONVERSION = YES;
				CLANG_WARN_DEPRECATED_OBJC_IMPLEMENTATIONS = YES;
				CLANG_WARN_DIRECT_OBJC_ISA_USAGE = YES_ERROR;
				CLANG_WARN_DOCUMENTATION_COMMENTS = YES;
				CLANG_WARN_EMPTY_BODY = YES;
				CLANG_WARN_ENUM_CONVERSION = YES;
				CLANG_WARN_INFINITE_RECURSION = YES;
				CLANG_WARN_INT_CONVERSION = YES;
				CLANG_WARN_NON_LITERAL_NULL_CONVERSION = YES;
				CLANG_WARN_OBJC_IMPLICIT_RETAIN_SELF = YES;
				CLANG_WARN_OBJC_LITERAL_CONVERSION = YES;
				CLANG_WARN_OBJC_ROOT_CLASS = YES_ERROR;
				CLANG_WARN_QUOTED_INCLUDE_IN_FRAMEWORK_HEADER = YES;
				CLANG_WARN_RANGE_LOOP_ANALYSIS = YES;
				CLANG_WARN_STRICT_PROTOTYPES = YES;
				CLANG_WARN_SUSPICIOUS_MOVE = YES;
				CLANG_WARN_UNGUARDED_AVAILABILITY = YES_AGGRESSIVE;
				CLANG_WARN_UNREACHABLE_CODE = YES;
				CLANG_WARN__DUPLICATE_METHOD_MATCH = YES;
				COPY_PHASE_STRIP = NO;
				DEBUG_INFORMATION_FORMAT = "dwarf-with-dsym";
				ENABLE_NS_ASSERTIONS = NO;
				ENABLE_STRICT_OBJC_MSGSEND = YES;
				GCC_C_LANGUAGE_STANDARD = gnu11;
				GCC_NO_COMMON_BLOCKS = YES;
				GCC_WARN_64_TO_32_BIT_CONVERSION = YES;
				GCC_WARN_ABOUT_RETURN_TYPE = YES_ERROR;
				GCC_WARN_UNDECLARED_SELECTOR = YES;
				GCC_WARN_UNINITIALIZED_AUTOS = YES_AGGRESSIVE;
				GCC_WARN_UNUSED_FUNCTION = YES;
				GCC_WARN_UNUSED_VARIABLE = YES;
				IPHONEOS_DEPLOYMENT_TARGET = 16.4;
				MTL_ENABLE_DEBUG_INFO = NO;
				MTL_FAST_MATH = YES;
				SDKROOT = iphoneos;
				SWIFT_COMPILATION_MODE = wholemodule;
				SWIFT_OPTIMIZATION_LEVEL = "-O";
				VALIDATE_PRODUCT = YES;
			};
			name = Release;
		};
		1C0457FA2A81F73800922B48 /* Debug */ = {
			isa = XCBuildConfiguration;
			buildSettings = {
				ASSETCATALOG_COMPILER_APPICON_NAME = AppIcon;
				ASSETCATALOG_COMPILER_GLOBAL_ACCENT_COLOR_NAME = AccentColor;
				CODE_SIGN_STYLE = Automatic;
				CURRENT_PROJECT_VERSION = 1;
				DEVELOPMENT_TEAM = L52U2QMKSA;
				GENERATE_INFOPLIST_FILE = YES;
				INFOPLIST_FILE = MVVMCleanRxDemo/Info.plist;
				INFOPLIST_KEY_UIApplicationSupportsIndirectInputEvents = YES;
				INFOPLIST_KEY_UILaunchStoryboardName = LaunchScreen;
				INFOPLIST_KEY_UIMainStoryboardFile = Main;
				INFOPLIST_KEY_UISupportedInterfaceOrientations_iPad = "UIInterfaceOrientationPortrait UIInterfaceOrientationPortraitUpsideDown UIInterfaceOrientationLandscapeLeft UIInterfaceOrientationLandscapeRight";
				INFOPLIST_KEY_UISupportedInterfaceOrientations_iPhone = "UIInterfaceOrientationPortrait UIInterfaceOrientationLandscapeLeft UIInterfaceOrientationLandscapeRight";
				LD_RUNPATH_SEARCH_PATHS = (
					"$(inherited)",
					"@executable_path/Frameworks",
				);
				MARKETING_VERSION = 1.0;
				PRODUCT_BUNDLE_IDENTIFIER = nun.smb.MVVMCleanRxDemo;
				PRODUCT_NAME = "$(TARGET_NAME)";
				SWIFT_EMIT_LOC_STRINGS = YES;
				SWIFT_VERSION = 5.0;
				TARGETED_DEVICE_FAMILY = "1,2";
			};
			name = Debug;
		};
		1C0457FB2A81F73800922B48 /* Release */ = {
			isa = XCBuildConfiguration;
			buildSettings = {
				ASSETCATALOG_COMPILER_APPICON_NAME = AppIcon;
				ASSETCATALOG_COMPILER_GLOBAL_ACCENT_COLOR_NAME = AccentColor;
				CODE_SIGN_STYLE = Automatic;
				CURRENT_PROJECT_VERSION = 1;
				DEVELOPMENT_TEAM = L52U2QMKSA;
				GENERATE_INFOPLIST_FILE = YES;
				INFOPLIST_FILE = MVVMCleanRxDemo/Info.plist;
				INFOPLIST_KEY_UIApplicationSupportsIndirectInputEvents = YES;
				INFOPLIST_KEY_UILaunchStoryboardName = LaunchScreen;
				INFOPLIST_KEY_UIMainStoryboardFile = Main;
				INFOPLIST_KEY_UISupportedInterfaceOrientations_iPad = "UIInterfaceOrientationPortrait UIInterfaceOrientationPortraitUpsideDown UIInterfaceOrientationLandscapeLeft UIInterfaceOrientationLandscapeRight";
				INFOPLIST_KEY_UISupportedInterfaceOrientations_iPhone = "UIInterfaceOrientationPortrait UIInterfaceOrientationLandscapeLeft UIInterfaceOrientationLandscapeRight";
				LD_RUNPATH_SEARCH_PATHS = (
					"$(inherited)",
					"@executable_path/Frameworks",
				);
				MARKETING_VERSION = 1.0;
				PRODUCT_BUNDLE_IDENTIFIER = nun.smb.MVVMCleanRxDemo;
				PRODUCT_NAME = "$(TARGET_NAME)";
				SWIFT_EMIT_LOC_STRINGS = YES;
				SWIFT_VERSION = 5.0;
				TARGETED_DEVICE_FAMILY = "1,2";
			};
			name = Release;
		};
		1C0457FD2A81F73800922B48 /* Debug */ = {
			isa = XCBuildConfiguration;
			buildSettings = {
				ALWAYS_EMBED_SWIFT_STANDARD_LIBRARIES = YES;
				BUNDLE_LOADER = "$(TEST_HOST)";
				CODE_SIGN_STYLE = Automatic;
				CURRENT_PROJECT_VERSION = 1;
				DEVELOPMENT_TEAM = L52U2QMKSA;
				GENERATE_INFOPLIST_FILE = YES;
				IPHONEOS_DEPLOYMENT_TARGET = 16.4;
				MARKETING_VERSION = 1.0;
				PRODUCT_BUNDLE_IDENTIFIER = nun.smb.MVVMCleanRxDemoTests;
				PRODUCT_NAME = "$(TARGET_NAME)";
				SWIFT_EMIT_LOC_STRINGS = NO;
				SWIFT_VERSION = 5.0;
				TARGETED_DEVICE_FAMILY = "1,2";
				TEST_HOST = "$(BUILT_PRODUCTS_DIR)/MVVMCleanRxDemo.app/$(BUNDLE_EXECUTABLE_FOLDER_PATH)/MVVMCleanRxDemo";
			};
			name = Debug;
		};
		1C0457FE2A81F73800922B48 /* Release */ = {
			isa = XCBuildConfiguration;
			buildSettings = {
				ALWAYS_EMBED_SWIFT_STANDARD_LIBRARIES = YES;
				BUNDLE_LOADER = "$(TEST_HOST)";
				CODE_SIGN_STYLE = Automatic;
				CURRENT_PROJECT_VERSION = 1;
				DEVELOPMENT_TEAM = L52U2QMKSA;
				GENERATE_INFOPLIST_FILE = YES;
				IPHONEOS_DEPLOYMENT_TARGET = 16.4;
				MARKETING_VERSION = 1.0;
				PRODUCT_BUNDLE_IDENTIFIER = nun.smb.MVVMCleanRxDemoTests;
				PRODUCT_NAME = "$(TARGET_NAME)";
				SWIFT_EMIT_LOC_STRINGS = NO;
				SWIFT_VERSION = 5.0;
				TARGETED_DEVICE_FAMILY = "1,2";
				TEST_HOST = "$(BUILT_PRODUCTS_DIR)/MVVMCleanRxDemo.app/$(BUNDLE_EXECUTABLE_FOLDER_PATH)/MVVMCleanRxDemo";
			};
			name = Release;
		};
		1C0458002A81F73800922B48 /* Debug */ = {
			isa = XCBuildConfiguration;
			buildSettings = {
				ALWAYS_EMBED_SWIFT_STANDARD_LIBRARIES = YES;
				CODE_SIGN_STYLE = Automatic;
				CURRENT_PROJECT_VERSION = 1;
				DEVELOPMENT_TEAM = L52U2QMKSA;
				GENERATE_INFOPLIST_FILE = YES;
				MARKETING_VERSION = 1.0;
				PRODUCT_BUNDLE_IDENTIFIER = nun.smb.MVVMCleanRxDemoUITests;
				PRODUCT_NAME = "$(TARGET_NAME)";
				SWIFT_EMIT_LOC_STRINGS = NO;
				SWIFT_VERSION = 5.0;
				TARGETED_DEVICE_FAMILY = "1,2";
				TEST_TARGET_NAME = MVVMCleanRxDemo;
			};
			name = Debug;
		};
		1C0458012A81F73800922B48 /* Release */ = {
			isa = XCBuildConfiguration;
			buildSettings = {
				ALWAYS_EMBED_SWIFT_STANDARD_LIBRARIES = YES;
				CODE_SIGN_STYLE = Automatic;
				CURRENT_PROJECT_VERSION = 1;
				DEVELOPMENT_TEAM = L52U2QMKSA;
				GENERATE_INFOPLIST_FILE = YES;
				MARKETING_VERSION = 1.0;
				PRODUCT_BUNDLE_IDENTIFIER = nun.smb.MVVMCleanRxDemoUITests;
				PRODUCT_NAME = "$(TARGET_NAME)";
				SWIFT_EMIT_LOC_STRINGS = NO;
				SWIFT_VERSION = 5.0;
				TARGETED_DEVICE_FAMILY = "1,2";
				TEST_TARGET_NAME = MVVMCleanRxDemo;
			};
			name = Release;
		};
/* End XCBuildConfiguration section */

/* Begin XCConfigurationList section */
		1C0457CA2A81F73700922B48 /* Build configuration list for PBXProject "MVVMCleanRxDemo" */ = {
			isa = XCConfigurationList;
			buildConfigurations = (
				1C0457F72A81F73800922B48 /* Debug */,
				1C0457F82A81F73800922B48 /* Release */,
			);
			defaultConfigurationIsVisible = 0;
			defaultConfigurationName = Release;
		};
		1C0457F92A81F73800922B48 /* Build configuration list for PBXNativeTarget "MVVMCleanRxDemo" */ = {
			isa = XCConfigurationList;
			buildConfigurations = (
				1C0457FA2A81F73800922B48 /* Debug */,
				1C0457FB2A81F73800922B48 /* Release */,
			);
			defaultConfigurationIsVisible = 0;
			defaultConfigurationName = Release;
		};
		1C0457FC2A81F73800922B48 /* Build configuration list for PBXNativeTarget "MVVMCleanRxDemoTests" */ = {
			isa = XCConfigurationList;
			buildConfigurations = (
				1C0457FD2A81F73800922B48 /* Debug */,
				1C0457FE2A81F73800922B48 /* Release */,
			);
			defaultConfigurationIsVisible = 0;
			defaultConfigurationName = Release;
		};
		1C0457FF2A81F73800922B48 /* Build configuration list for PBXNativeTarget "MVVMCleanRxDemoUITests" */ = {
			isa = XCConfigurationList;
			buildConfigurations = (
				1C0458002A81F73800922B48 /* Debug */,
				1C0458012A81F73800922B48 /* Release */,
			);
			defaultConfigurationIsVisible = 0;
			defaultConfigurationName = Release;
		};
/* End XCConfigurationList section */
	};
	rootObject = 1C0457C72A81F73700922B48 /* Project object */;
}
