// !$*UTF8*$!
{
	archiveVersion = 1;
	classes = {
	};
	objectVersion = 56;
	objects = {

/* Begin PBXBuildFile section */
		1C0457D32A81F73700922B48 /* AppDelegate.swift in Sources */ = {isa = PBXBuildFile; fileRef = 1C0457D22A81F73700922B48 /* AppDelegate.swift */; };
		1C0457D52A81F73700922B48 /* SceneDelegate.swift in Sources */ = {isa = PBXBuildFile; fileRef = 1C0457D42A81F73700922B48 /* SceneDelegate.swift */; };
		1C0457D72A81F73700922B48 /* HomeViewController.swift in Sources */ = {isa = PBXBuildFile; fileRef = 1C0457D62A81F73700922B48 /* HomeViewController.swift */; };
		1C0457DA2A81F73700922B48 /* Main.storyboard in Resources */ = {isa = PBXBuildFile; fileRef = 1C0457D82A81F73700922B48 /* Main.storyboard */; };
		1C0457DC2A81F73800922B48 /* Assets.xcassets in Resources */ = {isa = PBXBuildFile; fileRef = 1C0457DB2A81F73800922B48 /* Assets.xcassets */; };
		1C0457DF2A81F73800922B48 /* LaunchScreen.storyboard in Resources */ = {isa = PBXBuildFile; fileRef = 1C0457DD2A81F73800922B48 /* LaunchScreen.storyboard */; };
		1C0457EA2A81F73800922B48 /* MVVMCleanRxDemoTests.swift in Sources */ = {isa = PBXBuildFile; fileRef = 1C0457E92A81F73800922B48 /* MVVMCleanRxDemoTests.swift */; };
		1C0457F42A81F73800922B48 /* MVVMCleanRxDemoUITests.swift in Sources */ = {isa = PBXBuildFile; fileRef = 1C0457F32A81F73800922B48 /* MVVMCleanRxDemoUITests.swift */; };
		1C0457F62A81F73800922B48 /* MVVMCleanRxDemoUITestsLaunchTests.swift in Sources */ = {isa = PBXBuildFile; fileRef = 1C0457F52A81F73800922B48 /* MVVMCleanRxDemoUITestsLaunchTests.swift */; };
		1C41B6552A8505A00058E5C6 /* EkkamaiNew-Regular.ttf in Resources */ = {isa = PBXBuildFile; fileRef = 1C41B6512A8505A00058E5C6 /* EkkamaiNew-Regular.ttf */; };
		1C41B6562A8505A00058E5C6 /* EkkamaiNew-Thin.ttf in Resources */ = {isa = PBXBuildFile; fileRef = 1C41B6522A8505A00058E5C6 /* EkkamaiNew-Thin.ttf */; };
		1C41B6572A8505A00058E5C6 /* EkkamaiNew-Readme.txt in Resources */ = {isa = PBXBuildFile; fileRef = 1C41B6532A8505A00058E5C6 /* EkkamaiNew-Readme.txt */; };
		1C41B6582A8505A00058E5C6 /* EkkamaiNew-Bold.ttf in Resources */ = {isa = PBXBuildFile; fileRef = 1C41B6542A8505A00058E5C6 /* EkkamaiNew-Bold.ttf */; };
		1C41B65A2A86124C0058E5C6 /* FoodListViewModel.swift in Sources */ = {isa = PBXBuildFile; fileRef = 1C41B6592A86124C0058E5C6 /* FoodListViewModel.swift */; };
		1C41B65D2A8612B50058E5C6 /* FoodListSectionType.swift in Sources */ = {isa = PBXBuildFile; fileRef = 1C41B65C2A8612B50058E5C6 /* FoodListSectionType.swift */; };
		1C41B6602A8612EE0058E5C6 /* FoodListItemTableViewCell.swift in Sources */ = {isa = PBXBuildFile; fileRef = 1C41B65E2A8612EE0058E5C6 /* FoodListItemTableViewCell.swift */; };
		1C41B6612A8612EE0058E5C6 /* FoodListItemTableViewCell.xib in Resources */ = {isa = PBXBuildFile; fileRef = 1C41B65F2A8612EE0058E5C6 /* FoodListItemTableViewCell.xib */; };
		1C41B6642A861DE40058E5C6 /* FontUtils.swift in Sources */ = {isa = PBXBuildFile; fileRef = 1C41B6632A861DE40058E5C6 /* FontUtils.swift */; };
		1C85AC1C2A8369830001B43D /* FoodItemsListRequest.swift in Sources */ = {isa = PBXBuildFile; fileRef = 1C85AC1B2A8369830001B43D /* FoodItemsListRequest.swift */; };
		1C85AC1F2A8369D00001B43D /* Configuration.swift in Sources */ = {isa = PBXBuildFile; fileRef = 1C85AC1E2A8369D00001B43D /* Configuration.swift */; };
		1C85AC222A8378A50001B43D /* APIManager.swift in Sources */ = {isa = PBXBuildFile; fileRef = 1C85AC212A8378A50001B43D /* APIManager.swift */; };
		1C85AC242A837FEB0001B43D /* DataParser.swift in Sources */ = {isa = PBXBuildFile; fileRef = 1C85AC232A837FEB0001B43D /* DataParser.swift */; };
		1C85AC272A84BAB50001B43D /* GetFoodListUsecase.swift in Sources */ = {isa = PBXBuildFile; fileRef = 1C85AC262A84BAB50001B43D /* GetFoodListUsecase.swift */; };
		1CC0F5FF2A821CAE008F5E51 /* FoodListViewController.swift in Sources */ = {isa = PBXBuildFile; fileRef = 1CC0F5FD2A821CAE008F5E51 /* FoodListViewController.swift */; };
		1CC0F6002A821CAE008F5E51 /* FoodListViewController.xib in Resources */ = {isa = PBXBuildFile; fileRef = 1CC0F5FE2A821CAE008F5E51 /* FoodListViewController.xib */; };
		1CC0F6022A821DEF008F5E51 /* HomeViewModel.swift in Sources */ = {isa = PBXBuildFile; fileRef = 1CC0F6012A821DEF008F5E51 /* HomeViewModel.swift */; };
		1CC0F6052A822338008F5E51 /* Rx-Extension.swift in Sources */ = {isa = PBXBuildFile; fileRef = 1CC0F6042A822338008F5E51 /* Rx-Extension.swift */; };
		1CC0F6092A82509F008F5E51 /* FoodModelResponse.swift in Sources */ = {isa = PBXBuildFile; fileRef = 1CC0F6082A82509F008F5E51 /* FoodModelResponse.swift */; };
		1CC0F60B2A82533F008F5E51 /* FoodType.swift in Sources */ = {isa = PBXBuildFile; fileRef = 1CC0F60A2A82533F008F5E51 /* FoodType.swift */; };
		1CC0F60E2A825372008F5E51 /* HttpRequestManager.swift in Sources */ = {isa = PBXBuildFile; fileRef = 1CC0F60D2A825372008F5E51 /* HttpRequestManager.swift */; };
		1CC0F6102A825414008F5E51 /* Request.swift in Sources */ = {isa = PBXBuildFile; fileRef = 1CC0F60F2A825414008F5E51 /* Request.swift */; };
		1CD38EC02A84F6A100D9FB5A /* HomeSection.swift in Sources */ = {isa = PBXBuildFile; fileRef = 1CD38EBF2A84F6A100D9FB5A /* HomeSection.swift */; };
		1CD38EC22A84F8E500D9FB5A /* UICollectionView+Extension.swift in Sources */ = {isa = PBXBuildFile; fileRef = 1CD38EC12A84F8E500D9FB5A /* UICollectionView+Extension.swift */; };
		1CD38EC52A84FBEB00D9FB5A /* MenuHomeCollectionViewCell.swift in Sources */ = {isa = PBXBuildFile; fileRef = 1CD38EC32A84FBEB00D9FB5A /* MenuHomeCollectionViewCell.swift */; };
		1CD38EC62A84FBEB00D9FB5A /* MenuHomeCollectionViewCell.xib in Resources */ = {isa = PBXBuildFile; fileRef = 1CD38EC42A84FBEB00D9FB5A /* MenuHomeCollectionViewCell.xib */; };
		2FDA710BC479593529E48B82 /* Pods_MVVMCleanRxDemo.framework in Frameworks */ = {isa = PBXBuildFile; fileRef = 9F04037EAC1CF2BD7DEDF442 /* Pods_MVVMCleanRxDemo.framework */; };
/* End PBXBuildFile section */

/* Begin PBXContainerItemProxy section */
		1C0457E62A81F73800922B48 /* PBXContainerItemProxy */ = {
			isa = PBXContainerItemProxy;
			containerPortal = 1C0457C72A81F73700922B48 /* Project object */;
			proxyType = 1;
			remoteGlobalIDString = 1C0457CE2A81F73700922B48;
			remoteInfo = MVVMCleanRxDemo;
		};
		1C0457F02A81F73800922B48 /* PBXContainerItemProxy */ = {
			isa = PBXContainerItemProxy;
			containerPortal = 1C0457C72A81F73700922B48 /* Project object */;
			proxyType = 1;
			remoteGlobalIDString = 1C0457CE2A81F73700922B48;
			remoteInfo = MVVMCleanRxDemo;
		};
/* End PBXContainerItemProxy section */

/* Begin PBXFileReference section */
		1C0457CF2A81F73700922B48 /* MVVMCleanRxDemo.app */ = {isa = PBXFileReference; explicitFileType = wrapper.application; includeInIndex = 0; path = MVVMCleanRxDemo.app; sourceTree = BUILT_PRODUCTS_DIR; };
		1C0457D22A81F73700922B48 /* AppDelegate.swift */ = {isa = PBXFileReference; lastKnownFileType = sourcecode.swift; path = AppDelegate.swift; sourceTree = "<group>"; };
		1C0457D42A81F73700922B48 /* SceneDelegate.swift */ = {isa = PBXFileReference; lastKnownFileType = sourcecode.swift; path = SceneDelegate.swift; sourceTree = "<group>"; };
		1C0457D62A81F73700922B48 /* HomeViewController.swift */ = {isa = PBXFileReference; lastKnownFileType = sourcecode.swift; path = HomeViewController.swift; sourceTree = "<group>"; };
		1C0457D92A81F73700922B48 /* Base */ = {isa = PBXFileReference; lastKnownFileType = file.storyboard; name = Base; path = Base.lproj/Main.storyboard; sourceTree = "<group>"; };
		1C0457DB2A81F73800922B48 /* Assets.xcassets */ = {isa = PBXFileReference; lastKnownFileType = folder.assetcatalog; path = Assets.xcassets; sourceTree = "<group>"; };
		1C0457DE2A81F73800922B48 /* Base */ = {isa = PBXFileReference; lastKnownFileType = file.storyboard; name = Base; path = Base.lproj/LaunchScreen.storyboard; sourceTree = "<group>"; };
		1C0457E02A81F73800922B48 /* Info.plist */ = {isa = PBXFileReference; lastKnownFileType = text.plist.xml; path = Info.plist; sourceTree = "<group>"; };
		1C0457E52A81F73800922B48 /* MVVMCleanRxDemoTests.xctest */ = {isa = PBXFileReference; explicitFileType = wrapper.cfbundle; includeInIndex = 0; path = MVVMCleanRxDemoTests.xctest; sourceTree = BUILT_PRODUCTS_DIR; };
		1C0457E92A81F73800922B48 /* MVVMCleanRxDemoTests.swift */ = {isa = PBXFileReference; lastKnownFileType = sourcecode.swift; path = MVVMCleanRxDemoTests.swift; sourceTree = "<group>"; };
		1C0457EF2A81F73800922B48 /* MVVMCleanRxDemoUITests.xctest */ = {isa = PBXFileReference; explicitFileType = wrapper.cfbundle; includeInIndex = 0; path = MVVMCleanRxDemoUITests.xctest; sourceTree = BUILT_PRODUCTS_DIR; };
		1C0457F32A81F73800922B48 /* MVVMCleanRxDemoUITests.swift */ = {isa = PBXFileReference; lastKnownFileType = sourcecode.swift; path = MVVMCleanRxDemoUITests.swift; sourceTree = "<group>"; };
		1C0457F52A81F73800922B48 /* MVVMCleanRxDemoUITestsLaunchTests.swift */ = {isa = PBXFileReference; lastKnownFileType = sourcecode.swift; path = MVVMCleanRxDemoUITestsLaunchTests.swift; sourceTree = "<group>"; };
		1C41B6512A8505A00058E5C6 /* EkkamaiNew-Regular.ttf */ = {isa = PBXFileReference; lastKnownFileType = file; path = "EkkamaiNew-Regular.ttf"; sourceTree = "<group>"; };
		1C41B6522A8505A00058E5C6 /* EkkamaiNew-Thin.ttf */ = {isa = PBXFileReference; lastKnownFileType = file; path = "EkkamaiNew-Thin.ttf"; sourceTree = "<group>"; };
		1C41B6532A8505A00058E5C6 /* EkkamaiNew-Readme.txt */ = {isa = PBXFileReference; fileEncoding = 4; lastKnownFileType = text; path = "EkkamaiNew-Readme.txt"; sourceTree = "<group>"; };
		1C41B6542A8505A00058E5C6 /* EkkamaiNew-Bold.ttf */ = {isa = PBXFileReference; lastKnownFileType = file; path = "EkkamaiNew-Bold.ttf"; sourceTree = "<group>"; };
		1C41B6592A86124C0058E5C6 /* FoodListViewModel.swift */ = {isa = PBXFileReference; lastKnownFileType = sourcecode.swift; path = FoodListViewModel.swift; sourceTree = "<group>"; };
		1C41B65C2A8612B50058E5C6 /* FoodListSectionType.swift */ = {isa = PBXFileReference; lastKnownFileType = sourcecode.swift; path = FoodListSectionType.swift; sourceTree = "<group>"; };
		1C41B65E2A8612EE0058E5C6 /* FoodListItemTableViewCell.swift */ = {isa = PBXFileReference; lastKnownFileType = sourcecode.swift; path = FoodListItemTableViewCell.swift; sourceTree = "<group>"; };
		1C41B65F2A8612EE0058E5C6 /* FoodListItemTableViewCell.xib */ = {isa = PBXFileReference; lastKnownFileType = file.xib; path = FoodListItemTableViewCell.xib; sourceTree = "<group>"; };
		1C41B6632A861DE40058E5C6 /* FontUtils.swift */ = {isa = PBXFileReference; fileEncoding = 4; lastKnownFileType = sourcecode.swift; path = FontUtils.swift; sourceTree = "<group>"; };
		1C85AC1B2A8369830001B43D /* FoodItemsListRequest.swift */ = {isa = PBXFileReference; lastKnownFileType = sourcecode.swift; path = FoodItemsListRequest.swift; sourceTree = "<group>"; };
		1C85AC1E2A8369D00001B43D /* Configuration.swift */ = {isa = PBXFileReference; lastKnownFileType = sourcecode.swift; path = Configuration.swift; sourceTree = "<group>"; };
		1C85AC212A8378A50001B43D /* APIManager.swift */ = {isa = PBXFileReference; lastKnownFileType = sourcecode.swift; path = APIManager.swift; sourceTree = "<group>"; };
		1C85AC232A837FEB0001B43D /* DataParser.swift */ = {isa = PBXFileReference; lastKnownFileType = sourcecode.swift; path = DataParser.swift; sourceTree = "<group>"; };
		1C85AC262A84BAB50001B43D /* GetFoodListUsecase.swift */ = {isa = PBXFileReference; lastKnownFileType = sourcecode.swift; path = GetFoodListUsecase.swift; sourceTree = "<group>"; };
		1CC0F5FD2A821CAE008F5E51 /* FoodListViewController.swift */ = {isa = PBXFileReference; lastKnownFileType = sourcecode.swift; path = FoodListViewController.swift; sourceTree = "<group>"; };
		1CC0F5FE2A821CAE008F5E51 /* FoodListViewController.xib */ = {isa = PBXFileReference; lastKnownFileType = file.xib; path = FoodListViewController.xib; sourceTree = "<group>"; };
		1CC0F6012A821DEF008F5E51 /* HomeViewModel.swift */ = {isa = PBXFileReference; lastKnownFileType = sourcecode.swift; path = HomeViewModel.swift; sourceTree = "<group>"; };
		1CC0F6042A822338008F5E51 /* Rx-Extension.swift */ = {isa = PBXFileReference; fileEncoding = 4; lastKnownFileType = sourcecode.swift; path = "Rx-Extension.swift"; sourceTree = "<group>"; };
		1CC0F6082A82509F008F5E51 /* FoodModelResponse.swift */ = {isa = PBXFileReference; lastKnownFileType = sourcecode.swift; path = FoodModelResponse.swift; sourceTree = "<group>"; };
		1CC0F60A2A82533F008F5E51 /* FoodType.swift */ = {isa = PBXFileReference; lastKnownFileType = sourcecode.swift; path = FoodType.swift; sourceTree = "<group>"; };
		1CC0F60D2A825372008F5E51 /* HttpRequestManager.swift */ = {isa = PBXFileReference; lastKnownFileType = sourcecode.swift; path = HttpRequestManager.swift; sourceTree = "<group>"; };
		1CC0F60F2A825414008F5E51 /* Request.swift */ = {isa = PBXFileReference; lastKnownFileType = sourcecode.swift; path = Request.swift; sourceTree = "<group>"; };
		1CD38EBF2A84F6A100D9FB5A /* HomeSection.swift */ = {isa = PBXFileReference; lastKnownFileType = sourcecode.swift; path = HomeSection.swift; sourceTree = "<group>"; };
		1CD38EC12A84F8E500D9FB5A /* UICollectionView+Extension.swift */ = {isa = PBXFileReference; lastKnownFileType = sourcecode.swift; path = "UICollectionView+Extension.swift"; sourceTree = "<group>"; };
		1CD38EC32A84FBEB00D9FB5A /* MenuHomeCollectionViewCell.swift */ = {isa = PBXFileReference; lastKnownFileType = sourcecode.swift; path = MenuHomeCollectionViewCell.swift; sourceTree = "<group>"; };
		1CD38EC42A84FBEB00D9FB5A /* MenuHomeCollectionViewCell.xib */ = {isa = PBXFileReference; lastKnownFileType = file.xib; path = MenuHomeCollectionViewCell.xib; sourceTree = "<group>"; };
		47C2A719DF2EFEB0C066DA9A /* Pods-MVVMCleanRxDemo.release.xcconfig */ = {isa = PBXFileReference; includeInIndex = 1; lastKnownFileType = text.xcconfig; name = "Pods-MVVMCleanRxDemo.release.xcconfig"; path = "Target Support Files/Pods-MVVMCleanRxDemo/Pods-MVVMCleanRxDemo.release.xcconfig"; sourceTree = "<group>"; };
		9F04037EAC1CF2BD7DEDF442 /* Pods_MVVMCleanRxDemo.framework */ = {isa = PBXFileReference; explicitFileType = wrapper.framework; includeInIndex = 0; path = Pods_MVVMCleanRxDemo.framework; sourceTree = BUILT_PRODUCTS_DIR; };
		F0523774439F67A69E0CDFD1 /* Pods-MVVMCleanRxDemo.debug.xcconfig */ = {isa = PBXFileReference; includeInIndex = 1; lastKnownFileType = text.xcconfig; name = "Pods-MVVMCleanRxDemo.debug.xcconfig"; path = "Target Support Files/Pods-MVVMCleanRxDemo/Pods-MVVMCleanRxDemo.debug.xcconfig"; sourceTree = "<group>"; };
/* End PBXFileReference section */

/* Begin PBXFrameworksBuildPhase section */
		1C0457CC2A81F73700922B48 /* Frameworks */ = {
			isa = PBXFrameworksBuildPhase;
			buildActionMask = 2147483647;
			files = (
				2FDA710BC479593529E48B82 /* Pods_MVVMCleanRxDemo.framework in Frameworks */,
			);
			runOnlyForDeploymentPostprocessing = 0;
		};
		1C0457E22A81F73800922B48 /* Frameworks */ = {
			isa = PBXFrameworksBuildPhase;
			buildActionMask = 2147483647;
			files = (
			);
			runOnlyForDeploymentPostprocessing = 0;
		};
		1C0457EC2A81F73800922B48 /* Frameworks */ = {
			isa = PBXFrameworksBuildPhase;
			buildActionMask = 2147483647;
			files = (
			);
			runOnlyForDeploymentPostprocessing = 0;
		};
/* End PBXFrameworksBuildPhase section */

/* Begin PBXGroup section */
		1C0457C62A81F73700922B48 = {
			isa = PBXGroup;
			children = (
				1C0457D12A81F73700922B48 /* MVVMCleanRxDemo */,
				1C0457E82A81F73800922B48 /* MVVMCleanRxDemoTests */,
				1C0457F22A81F73800922B48 /* MVVMCleanRxDemoUITests */,
				1C0457D02A81F73700922B48 /* Products */,
				628E93C1EF06B6B733CDCE00 /* Pods */,
				9EDED6A0601B8804D3AAA065 /* Frameworks */,
			);
			sourceTree = "<group>";
		};
		1C0457D02A81F73700922B48 /* Products */ = {
			isa = PBXGroup;
			children = (
				1C0457CF2A81F73700922B48 /* MVVMCleanRxDemo.app */,
				1C0457E52A81F73800922B48 /* MVVMCleanRxDemoTests.xctest */,
				1C0457EF2A81F73800922B48 /* MVVMCleanRxDemoUITests.xctest */,
			);
			name = Products;
			sourceTree = "<group>";
		};
		1C0457D12A81F73700922B48 /* MVVMCleanRxDemo */ = {
			isa = PBXGroup;
			children = (
				1C85AC1D2A8369C60001B43D /* Configuration */,
				1C85AC192A83696D0001B43D /* Network */,
				1CC0F60C2A825364008F5E51 /* Helper */,
				1CC0F6062A825085008F5E51 /* Model */,
				1CC0F6032A82232C008F5E51 /* Extension */,
				1CC0F5F92A821C0D008F5E51 /* Resource */,
				1CC0F5FA2A821C6E008F5E51 /* Scene */,
				1C0457D22A81F73700922B48 /* AppDelegate.swift */,
				1C0457D42A81F73700922B48 /* SceneDelegate.swift */,
			);
			path = MVVMCleanRxDemo;
			sourceTree = "<group>";
		};
		1C0457E82A81F73800922B48 /* MVVMCleanRxDemoTests */ = {
			isa = PBXGroup;
			children = (
				1C0457E92A81F73800922B48 /* MVVMCleanRxDemoTests.swift */,
			);
			path = MVVMCleanRxDemoTests;
			sourceTree = "<group>";
		};
		1C0457F22A81F73800922B48 /* MVVMCleanRxDemoUITests */ = {
			isa = PBXGroup;
			children = (
				1C0457F32A81F73800922B48 /* MVVMCleanRxDemoUITests.swift */,
				1C0457F52A81F73800922B48 /* MVVMCleanRxDemoUITestsLaunchTests.swift */,
			);
			path = MVVMCleanRxDemoUITests;
			sourceTree = "<group>";
		};
		1C41B6502A8505970058E5C6 /* Fonts */ = {
			isa = PBXGroup;
			children = (
				1C41B6542A8505A00058E5C6 /* EkkamaiNew-Bold.ttf */,
				1C41B6532A8505A00058E5C6 /* EkkamaiNew-Readme.txt */,
				1C41B6512A8505A00058E5C6 /* EkkamaiNew-Regular.ttf */,
				1C41B6522A8505A00058E5C6 /* EkkamaiNew-Thin.ttf */,
			);
			path = Fonts;
			sourceTree = "<group>";
		};
		1C41B65B2A8612A80058E5C6 /* Item */ = {
			isa = PBXGroup;
			children = (
				1C41B65C2A8612B50058E5C6 /* FoodListSectionType.swift */,
				1C41B65E2A8612EE0058E5C6 /* FoodListItemTableViewCell.swift */,
				1C41B65F2A8612EE0058E5C6 /* FoodListItemTableViewCell.xib */,
			);
			path = Item;
			sourceTree = "<group>";
		};
		1C41B6622A861DDB0058E5C6 /* Utils */ = {
			isa = PBXGroup;
			children = (
				1C41B6632A861DE40058E5C6 /* FontUtils.swift */,
			);
			path = Utils;
			sourceTree = "<group>";
		};
		1C85AC192A83696D0001B43D /* Network */ = {
			isa = PBXGroup;
			children = (
				1C85AC1A2A8369720001B43D /* Request */,
			);
			path = Network;
			sourceTree = "<group>";
		};
		1C85AC1A2A8369720001B43D /* Request */ = {
			isa = PBXGroup;
			children = (
				1C85AC1B2A8369830001B43D /* FoodItemsListRequest.swift */,
			);
			path = Request;
			sourceTree = "<group>";
		};
		1C85AC1D2A8369C60001B43D /* Configuration */ = {
			isa = PBXGroup;
			children = (
				1C85AC1E2A8369D00001B43D /* Configuration.swift */,
			);
			path = Configuration;
			sourceTree = "<group>";
		};
		1C85AC202A8376B60001B43D /* Network */ = {
			isa = PBXGroup;
			children = (
				1CC0F60D2A825372008F5E51 /* HttpRequestManager.swift */,
				1C85AC212A8378A50001B43D /* APIManager.swift */,
				1C85AC232A837FEB0001B43D /* DataParser.swift */,
			);
			path = Network;
			sourceTree = "<group>";
		};
		1C85AC252A84BA910001B43D /* UseCase */ = {
			isa = PBXGroup;
			children = (
				1C85AC262A84BAB50001B43D /* GetFoodListUsecase.swift */,
			);
			path = UseCase;
			sourceTree = "<group>";
		};
		1CC0F5F92A821C0D008F5E51 /* Resource */ = {
			isa = PBXGroup;
			children = (
				1C41B6502A8505970058E5C6 /* Fonts */,
				1C0457DD2A81F73800922B48 /* LaunchScreen.storyboard */,
				1C0457DB2A81F73800922B48 /* Assets.xcassets */,
				1C0457E02A81F73800922B48 /* Info.plist */,
			);
			path = Resource;
			sourceTree = "<group>";
		};
		1CC0F5FA2A821C6E008F5E51 /* Scene */ = {
			isa = PBXGroup;
			children = (
				1CC0F5FB2A821C7B008F5E51 /* Home */,
				1CC0F5FC2A821C95008F5E51 /* FoodList */,
			);
			path = Scene;
			sourceTree = "<group>";
		};
		1CC0F5FB2A821C7B008F5E51 /* Home */ = {
			isa = PBXGroup;
			children = (
				1CD38EBE2A84F5EA00D9FB5A /* Item */,
				1C0457D62A81F73700922B48 /* HomeViewController.swift */,
				1CC0F6012A821DEF008F5E51 /* HomeViewModel.swift */,
				1C0457D82A81F73700922B48 /* Main.storyboard */,
			);
			path = Home;
			sourceTree = "<group>";
		};
		1CC0F5FC2A821C95008F5E51 /* FoodList */ = {
			isa = PBXGroup;
			children = (
				1CC0F5FD2A821CAE008F5E51 /* FoodListViewController.swift */,
				1CC0F5FE2A821CAE008F5E51 /* FoodListViewController.xib */,
				1C41B6592A86124C0058E5C6 /* FoodListViewModel.swift */,
				1C41B65B2A8612A80058E5C6 /* Item */,
				1C85AC252A84BA910001B43D /* UseCase */,
			);
			path = FoodList;
			sourceTree = "<group>";
		};
		1CC0F6032A82232C008F5E51 /* Extension */ = {
			isa = PBXGroup;
			children = (
				1CC0F6042A822338008F5E51 /* Rx-Extension.swift */,
				1CD38EC12A84F8E500D9FB5A /* UICollectionView+Extension.swift */,
			);
			path = Extension;
			sourceTree = "<group>";
		};
		1CC0F6062A825085008F5E51 /* Model */ = {
			isa = PBXGroup;
			children = (
				1CC0F6072A82508F008F5E51 /* Response */,
				1CC0F60A2A82533F008F5E51 /* FoodType.swift */,
			);
			path = Model;
			sourceTree = "<group>";
		};
		1CC0F6072A82508F008F5E51 /* Response */ = {
			isa = PBXGroup;
			children = (
				1CC0F6082A82509F008F5E51 /* FoodModelResponse.swift */,
			);
			path = Response;
			sourceTree = "<group>";
		};
		1CC0F60C2A825364008F5E51 /* Helper */ = {
			isa = PBXGroup;
			children = (
				1C41B6622A861DDB0058E5C6 /* Utils */,
				1C85AC202A8376B60001B43D /* Network */,
				1CC0F60F2A825414008F5E51 /* Request.swift */,
			);
			path = Helper;
			sourceTree = "<group>";
		};
		1CD38EBE2A84F5EA00D9FB5A /* Item */ = {
			isa = PBXGroup;
			children = (
				1CD38EBF2A84F6A100D9FB5A /* HomeSection.swift */,
				1CD38EC32A84FBEB00D9FB5A /* MenuHomeCollectionViewCell.swift */,
				1CD38EC42A84FBEB00D9FB5A /* MenuHomeCollectionViewCell.xib */,
			);
			path = Item;
			sourceTree = "<group>";
		};
		628E93C1EF06B6B733CDCE00 /* Pods */ = {
			isa = PBXGroup;
			children = (
				F0523774439F67A69E0CDFD1 /* Pods-MVVMCleanRxDemo.debug.xcconfig */,
				47C2A719DF2EFEB0C066DA9A /* Pods-MVVMCleanRxDemo.release.xcconfig */,
			);
			path = Pods;
			sourceTree = "<group>";
		};
		9EDED6A0601B8804D3AAA065 /* Frameworks */ = {
			isa = PBXGroup;
			children = (
				9F04037EAC1CF2BD7DEDF442 /* Pods_MVVMCleanRxDemo.framework */,
			);
			name = Frameworks;
			sourceTree = "<group>";
		};
/* End PBXGroup section */

/* Begin PBXNativeTarget section */
		1C0457CE2A81F73700922B48 /* MVVMCleanRxDemo */ = {
			isa = PBXNativeTarget;
			buildConfigurationList = 1C0457F92A81F73800922B48 /* Build configuration list for PBXNativeTarget "MVVMCleanRxDemo" */;
			buildPhases = (
				CD692A97AEFAAE84BC3A89D8 /* [CP] Check Pods Manifest.lock */,
				1C0457CB2A81F73700922B48 /* Sources */,
				1C0457CC2A81F73700922B48 /* Frameworks */,
				1C0457CD2A81F73700922B48 /* Resources */,
				DC91D72B1D800E067B1BE6D1 /* [CP] Embed Pods Frameworks */,
			);
			buildRules = (
			);
			dependencies = (
			);
			name = MVVMCleanRxDemo;
			productName = MVVMCleanRxDemo;
			productReference = 1C0457CF2A81F73700922B48 /* MVVMCleanRxDemo.app */;
			productType = "com.apple.product-type.application";
		};
		1C0457E42A81F73800922B48 /* MVVMCleanRxDemoTests */ = {
			isa = PBXNativeTarget;
			buildConfigurationList = 1C0457FC2A81F73800922B48 /* Build configuration list for PBXNativeTarget "MVVMCleanRxDemoTests" */;
			buildPhases = (
				1C0457E12A81F73800922B48 /* Sources */,
				1C0457E22A81F73800922B48 /* Frameworks */,
				1C0457E32A81F73800922B48 /* Resources */,
			);
			buildRules = (
			);
			dependencies = (
				1C0457E72A81F73800922B48 /* PBXTargetDependency */,
			);
			name = MVVMCleanRxDemoTests;
			productName = MVVMCleanRxDemoTests;
			productReference = 1C0457E52A81F73800922B48 /* MVVMCleanRxDemoTests.xctest */;
			productType = "com.apple.product-type.bundle.unit-test";
		};
		1C0457EE2A81F73800922B48 /* MVVMCleanRxDemoUITests */ = {
			isa = PBXNativeTarget;
			buildConfigurationList = 1C0457FF2A81F73800922B48 /* Build configuration list for PBXNativeTarget "MVVMCleanRxDemoUITests" */;
			buildPhases = (
				1C0457EB2A81F73800922B48 /* Sources */,
				1C0457EC2A81F73800922B48 /* Frameworks */,
				1C0457ED2A81F73800922B48 /* Resources */,
			);
			buildRules = (
			);
			dependencies = (
				1C0457F12A81F73800922B48 /* PBXTargetDependency */,
			);
			name = MVVMCleanRxDemoUITests;
			productName = MVVMCleanRxDemoUITests;
			productReference = 1C0457EF2A81F73800922B48 /* MVVMCleanRxDemoUITests.xctest */;
			productType = "com.apple.product-type.bundle.ui-testing";
		};
/* End PBXNativeTarget section */

/* Begin PBXProject section */
		1C0457C72A81F73700922B48 /* Project object */ = {
			isa = PBXProject;
			attributes = {
				BuildIndependentTargetsInParallel = 1;
				LastSwiftUpdateCheck = 1430;
				LastUpgradeCheck = 1430;
				TargetAttributes = {
					1C0457CE2A81F73700922B48 = {
						CreatedOnToolsVersion = 14.3.1;
					};
					1C0457E42A81F73800922B48 = {
						CreatedOnToolsVersion = 14.3.1;
						TestTargetID = 1C0457CE2A81F73700922B48;
					};
					1C0457EE2A81F73800922B48 = {
						CreatedOnToolsVersion = 14.3.1;
						TestTargetID = 1C0457CE2A81F73700922B48;
					};
				};
			};
			buildConfigurationList = 1C0457CA2A81F73700922B48 /* Build configuration list for PBXProject "MVVMCleanRxDemo" */;
			compatibilityVersion = "Xcode 14.0";
			developmentRegion = en;
			hasScannedForEncodings = 0;
			knownRegions = (
				en,
				Base,
			);
			mainGroup = 1C0457C62A81F73700922B48;
			productRefGroup = 1C0457D02A81F73700922B48 /* Products */;
			projectDirPath = "";
			projectRoot = "";
			targets = (
				1C0457CE2A81F73700922B48 /* MVVMCleanRxDemo */,
				1C0457E42A81F73800922B48 /* MVVMCleanRxDemoTests */,
				1C0457EE2A81F73800922B48 /* MVVMCleanRxDemoUITests */,
			);
		};
/* End PBXProject section */

/* Begin PBXResourcesBuildPhase section */
		1C0457CD2A81F73700922B48 /* Resources */ = {
			isa = PBXResourcesBuildPhase;
			buildActionMask = 2147483647;
			files = (
				1C41B6612A8612EE0058E5C6 /* FoodListItemTableViewCell.xib in Resources */,
				1C0457DF2A81F73800922B48 /* LaunchScreen.storyboard in Resources */,
				1C0457DC2A81F73800922B48 /* Assets.xcassets in Resources */,
				1CC0F6002A821CAE008F5E51 /* FoodListViewController.xib in Resources */,
				1C41B6572A8505A00058E5C6 /* EkkamaiNew-Readme.txt in Resources */,
				1CD38EC62A84FBEB00D9FB5A /* MenuHomeCollectionViewCell.xib in Resources */,
				1C41B6552A8505A00058E5C6 /* EkkamaiNew-Regular.ttf in Resources */,
				1C41B6582A8505A00058E5C6 /* EkkamaiNew-Bold.ttf in Resources */,
				1C0457DA2A81F73700922B48 /* Main.storyboard in Resources */,
				1C41B6562A8505A00058E5C6 /* EkkamaiNew-Thin.ttf in Resources */,
			);
			runOnlyForDeploymentPostprocessing = 0;
		};
		1C0457E32A81F73800922B48 /* Resources */ = {
			isa = PBXResourcesBuildPhase;
			buildActionMask = 2147483647;
			files = (
			);
			runOnlyForDeploymentPostprocessing = 0;
		};
		1C0457ED2A81F73800922B48 /* Resources */ = {
			isa = PBXResourcesBuildPhase;
			buildActionMask = 2147483647;
			files = (
			);
			runOnlyForDeploymentPostprocessing = 0;
		};
/* End PBXResourcesBuildPhase section */

/* Begin PBXShellScriptBuildPhase section */
		CD692A97AEFAAE84BC3A89D8 /* [CP] Check Pods Manifest.lock */ = {
			isa = PBXShellScriptBuildPhase;
			buildActionMask = 2147483647;
			files = (
			);
			inputFileListPaths = (
			);
			inputPaths = (
				"${PODS_PODFILE_DIR_PATH}/Podfile.lock",
				"${PODS_ROOT}/Manifest.lock",
			);
			name = "[CP] Check Pods Manifest.lock";
			outputFileListPaths = (
			);
			outputPaths = (
				"$(DERIVED_FILE_DIR)/Pods-MVVMCleanRxDemo-checkManifestLockResult.txt",
			);
			runOnlyForDeploymentPostprocessing = 0;
			shellPath = /bin/sh;
			shellScript = "diff \"${PODS_PODFILE_DIR_PATH}/Podfile.lock\" \"${PODS_ROOT}/Manifest.lock\" > /dev/null\nif [ $? != 0 ] ; then\n    # print error to STDERR\n    echo \"error: The sandbox is not in sync with the Podfile.lock. Run 'pod install' or update your CocoaPods installation.\" >&2\n    exit 1\nfi\n# This output is used by Xcode 'outputs' to avoid re-running this script phase.\necho \"SUCCESS\" > \"${SCRIPT_OUTPUT_FILE_0}\"\n";
			showEnvVarsInLog = 0;
		};
		DC91D72B1D800E067B1BE6D1 /* [CP] Embed Pods Frameworks */ = {
			isa = PBXShellScriptBuildPhase;
			buildActionMask = 2147483647;
			files = (
			);
			inputFileListPaths = (
				"${PODS_ROOT}/Target Support Files/Pods-MVVMCleanRxDemo/Pods-MVVMCleanRxDemo-frameworks-${CONFIGURATION}-input-files.xcfilelist",
			);
			name = "[CP] Embed Pods Frameworks";
			outputFileListPaths = (
				"${PODS_ROOT}/Target Support Files/Pods-MVVMCleanRxDemo/Pods-MVVMCleanRxDemo-frameworks-${CONFIGURATION}-output-files.xcfilelist",
			);
			runOnlyForDeploymentPostprocessing = 0;
			shellPath = /bin/sh;
			shellScript = "\"${PODS_ROOT}/Target Support Files/Pods-MVVMCleanRxDemo/Pods-MVVMCleanRxDemo-frameworks.sh\"\n";
			showEnvVarsInLog = 0;
		};
/* End PBXShellScriptBuildPhase section */

/* Begin PBXSourcesBuildPhase section */
		1C0457CB2A81F73700922B48 /* Sources */ = {
			isa = PBXSourcesBuildPhase;
			buildActionMask = 2147483647;
			files = (
				1C85AC1C2A8369830001B43D /* FoodItemsListRequest.swift in Sources */,
				1C0457D72A81F73700922B48 /* HomeViewController.swift in Sources */,
				1CC0F6092A82509F008F5E51 /* FoodModelResponse.swift in Sources */,
				1C0457D32A81F73700922B48 /* AppDelegate.swift in Sources */,
				1CC0F60B2A82533F008F5E51 /* FoodType.swift in Sources */,
				1CC0F5FF2A821CAE008F5E51 /* FoodListViewController.swift in Sources */,
				1C41B6642A861DE40058E5C6 /* FontUtils.swift in Sources */,
				1C85AC1F2A8369D00001B43D /* Configuration.swift in Sources */,
				1CC0F60E2A825372008F5E51 /* HttpRequestManager.swift in Sources */,
				1CD38EC52A84FBEB00D9FB5A /* MenuHomeCollectionViewCell.swift in Sources */,
				1C41B65A2A86124C0058E5C6 /* FoodListViewModel.swift in Sources */,
				1CC0F6052A822338008F5E51 /* Rx-Extension.swift in Sources */,
				1C41B65D2A8612B50058E5C6 /* FoodListSectionType.swift in Sources */,
				1CC0F6102A825414008F5E51 /* Request.swift in Sources */,
				1CD38EC02A84F6A100D9FB5A /* HomeSection.swift in Sources */,
				1C85AC272A84BAB50001B43D /* GetFoodListUsecase.swift in Sources */,
				1C85AC222A8378A50001B43D /* APIManager.swift in Sources */,
				1CC0F6022A821DEF008F5E51 /* HomeViewModel.swift in Sources */,
				1C85AC242A837FEB0001B43D /* DataParser.swift in Sources */,
				1C0457D52A81F73700922B48 /* SceneDelegate.swift in Sources */,
				1C41B6602A8612EE0058E5C6 /* FoodListItemTableViewCell.swift in Sources */,
				1CD38EC22A84F8E500D9FB5A /* UICollectionView+Extension.swift in Sources */,
			);
			runOnlyForDeploymentPostprocessing = 0;
		};
		1C0457E12A81F73800922B48 /* Sources */ = {
			isa = PBXSourcesBuildPhase;
			buildActionMask = 2147483647;
			files = (
				1C0457EA2A81F73800922B48 /* MVVMCleanRxDemoTests.swift in Sources */,
			);
			runOnlyForDeploymentPostprocessing = 0;
		};
		1C0457EB2A81F73800922B48 /* Sources */ = {
			isa = PBXSourcesBuildPhase;
			buildActionMask = 2147483647;
			files = (
				1C0457F42A81F73800922B48 /* MVVMCleanRxDemoUITests.swift in Sources */,
				1C0457F62A81F73800922B48 /* MVVMCleanRxDemoUITestsLaunchTests.swift in Sources */,
			);
			runOnlyForDeploymentPostprocessing = 0;
		};
/* End PBXSourcesBuildPhase section */

/* Begin PBXTargetDependency section */
		1C0457E72A81F73800922B48 /* PBXTargetDependency */ = {
			isa = PBXTargetDependency;
			target = 1C0457CE2A81F73700922B48 /* MVVMCleanRxDemo */;
			targetProxy = 1C0457E62A81F73800922B48 /* PBXContainerItemProxy */;
		};
		1C0457F12A81F73800922B48 /* PBXTargetDependency */ = {
			isa = PBXTargetDependency;
			target = 1C0457CE2A81F73700922B48 /* MVVMCleanRxDemo */;
			targetProxy = 1C0457F02A81F73800922B48 /* PBXContainerItemProxy */;
		};
/* End PBXTargetDependency section */

/* Begin PBXVariantGroup section */
		1C0457D82A81F73700922B48 /* Main.storyboard */ = {
			isa = PBXVariantGroup;
			children = (
				1C0457D92A81F73700922B48 /* Base */,
			);
			name = Main.storyboard;
			sourceTree = "<group>";
		};
		1C0457DD2A81F73800922B48 /* LaunchScreen.storyboard */ = {
			isa = PBXVariantGroup;
			children = (
				1C0457DE2A81F73800922B48 /* Base */,
			);
			name = LaunchScreen.storyboard;
			sourceTree = "<group>";
		};
/* End PBXVariantGroup section */

/* Begin XCBuildConfiguration section */
		1C0457F72A81F73800922B48 /* Debug */ = {
			isa = XCBuildConfiguration;
			buildSettings = {
				ALWAYS_SEARCH_USER_PATHS = NO;
				CLANG_ANALYZER_NONNULL = YES;
				CLANG_ANALYZER_NUMBER_OBJECT_CONVERSION = YES_AGGRESSIVE;
				CLANG_CXX_LANGUAGE_STANDARD = "gnu++20";
				CLANG_ENABLE_MODULES = YES;
				CLANG_ENABLE_OBJC_ARC = YES;
				CLANG_ENABLE_OBJC_WEAK = YES;
				CLANG_WARN_BLOCK_CAPTURE_AUTORELEASING = YES;
				CLANG_WARN_BOOL_CONVERSION = YES;
				CLANG_WARN_COMMA = YES;
				CLANG_WARN_CONSTANT_CONVERSION = YES;
				CLANG_WARN_DEPRECATED_OBJC_IMPLEMENTATIONS = YES;
				CLANG_WARN_DIRECT_OBJC_ISA_USAGE = YES_ERROR;
				CLANG_WARN_DOCUMENTATION_COMMENTS = YES;
				CLANG_WARN_EMPTY_BODY = YES;
				CLANG_WARN_ENUM_CONVERSION = YES;
				CLANG_WARN_INFINITE_RECURSION = YES;
				CLANG_WARN_INT_CONVERSION = YES;
				CLANG_WARN_NON_LITERAL_NULL_CONVERSION = YES;
				CLANG_WARN_OBJC_IMPLICIT_RETAIN_SELF = YES;
				CLANG_WARN_OBJC_LITERAL_CONVERSION = YES;
				CLANG_WARN_OBJC_ROOT_CLASS = YES_ERROR;
				CLANG_WARN_QUOTED_INCLUDE_IN_FRAMEWORK_HEADER = YES;
				CLANG_WARN_RANGE_LOOP_ANALYSIS = YES;
				CLANG_WARN_STRICT_PROTOTYPES = YES;
				CLANG_WARN_SUSPICIOUS_MOVE = YES;
				CLANG_WARN_UNGUARDED_AVAILABILITY = YES_AGGRESSIVE;
				CLANG_WARN_UNREACHABLE_CODE = YES;
				CLANG_WARN__DUPLICATE_METHOD_MATCH = YES;
				COPY_PHASE_STRIP = NO;
				DEBUG_INFORMATION_FORMAT = dwarf;
				ENABLE_STRICT_OBJC_MSGSEND = YES;
				ENABLE_TESTABILITY = YES;
				GCC_C_LANGUAGE_STANDARD = gnu11;
				GCC_DYNAMIC_NO_PIC = NO;
				GCC_NO_COMMON_BLOCKS = YES;
				GCC_OPTIMIZATION_LEVEL = 0;
				GCC_PREPROCESSOR_DEFINITIONS = (
					"DEBUG=1",
					"$(inherited)",
				);
				GCC_WARN_64_TO_32_BIT_CONVERSION = YES;
				GCC_WARN_ABOUT_RETURN_TYPE = YES_ERROR;
				GCC_WARN_UNDECLARED_SELECTOR = YES;
				GCC_WARN_UNINITIALIZED_AUTOS = YES_AGGRESSIVE;
				GCC_WARN_UNUSED_FUNCTION = YES;
				GCC_WARN_UNUSED_VARIABLE = YES;
				IPHONEOS_DEPLOYMENT_TARGET = 15.0;
				MTL_ENABLE_DEBUG_INFO = INCLUDE_SOURCE;
				MTL_FAST_MATH = YES;
				ONLY_ACTIVE_ARCH = YES;
				SDKROOT = iphoneos;
				SWIFT_ACTIVE_COMPILATION_CONDITIONS = DEBUG;
				SWIFT_OPTIMIZATION_LEVEL = "-Onone";
			};
			name = Debug;
		};
		1C0457F82A81F73800922B48 /* Release */ = {
			isa = XCBuildConfiguration;
			buildSettings = {
				ALWAYS_SEARCH_USER_PATHS = NO;
				CLANG_ANALYZER_NONNULL = YES;
				CLANG_ANALYZER_NUMBER_OBJECT_CONVERSION = YES_AGGRESSIVE;
				CLANG_CXX_LANGUAGE_STANDARD = "gnu++20";
				CLANG_ENABLE_MODULES = YES;
				CLANG_ENABLE_OBJC_ARC = YES;
				CLANG_ENABLE_OBJC_WEAK = YES;
				CLANG_WARN_BLOCK_CAPTURE_AUTORELEASING = YES;
				CLANG_WARN_BOOL_CONVERSION = YES;
				CLANG_WARN_COMMA = YES;
				CLANG_WARN_CONSTANT_CONVERSION = YES;
				CLANG_WARN_DEPRECATED_OBJC_IMPLEMENTATIONS = YES;
				CLANG_WARN_DIRECT_OBJC_ISA_USAGE = YES_ERROR;
				CLANG_WARN_DOCUMENTATION_COMMENTS = YES;
				CLANG_WARN_EMPTY_BODY = YES;
				CLANG_WARN_ENUM_CONVERSION = YES;
				CLANG_WARN_INFINITE_RECURSION = YES;
				CLANG_WARN_INT_CONVERSION = YES;
				CLANG_WARN_NON_LITERAL_NULL_CONVERSION = YES;
				CLANG_WARN_OBJC_IMPLICIT_RETAIN_SELF = YES;
				CLANG_WARN_OBJC_LITERAL_CONVERSION = YES;
				CLANG_WARN_OBJC_ROOT_CLASS = YES_ERROR;
				CLANG_WARN_QUOTED_INCLUDE_IN_FRAMEWORK_HEADER = YES;
				CLANG_WARN_RANGE_LOOP_ANALYSIS = YES;
				CLANG_WARN_STRICT_PROTOTYPES = YES;
				CLANG_WARN_SUSPICIOUS_MOVE = YES;
				CLANG_WARN_UNGUARDED_AVAILABILITY = YES_AGGRESSIVE;
				CLANG_WARN_UNREACHABLE_CODE = YES;
				CLANG_WARN__DUPLICATE_METHOD_MATCH = YES;
				COPY_PHASE_STRIP = NO;
				DEBUG_INFORMATION_FORMAT = "dwarf-with-dsym";
				ENABLE_NS_ASSERTIONS = NO;
				ENABLE_STRICT_OBJC_MSGSEND = YES;
				GCC_C_LANGUAGE_STANDARD = gnu11;
				GCC_NO_COMMON_BLOCKS = YES;
				GCC_WARN_64_TO_32_BIT_CONVERSION = YES;
				GCC_WARN_ABOUT_RETURN_TYPE = YES_ERROR;
				GCC_WARN_UNDECLARED_SELECTOR = YES;
				GCC_WARN_UNINITIALIZED_AUTOS = YES_AGGRESSIVE;
				GCC_WARN_UNUSED_FUNCTION = YES;
				GCC_WARN_UNUSED_VARIABLE = YES;
				IPHONEOS_DEPLOYMENT_TARGET = 15.0;
				MTL_ENABLE_DEBUG_INFO = NO;
				MTL_FAST_MATH = YES;
				SDKROOT = iphoneos;
				SWIFT_COMPILATION_MODE = wholemodule;
				SWIFT_OPTIMIZATION_LEVEL = "-O";
				VALIDATE_PRODUCT = YES;
			};
			name = Release;
		};
		1C0457FA2A81F73800922B48 /* Debug */ = {
			isa = XCBuildConfiguration;
			baseConfigurationReference = F0523774439F67A69E0CDFD1 /* Pods-MVVMCleanRxDemo.debug.xcconfig */;
			buildSettings = {
				ASSETCATALOG_COMPILER_APPICON_NAME = AppIcon;
				ASSETCATALOG_COMPILER_GLOBAL_ACCENT_COLOR_NAME = AccentColor;
				CODE_SIGN_STYLE = Automatic;
				CURRENT_PROJECT_VERSION = 1;
				DEVELOPMENT_TEAM = L52U2QMKSA;
				GENERATE_INFOPLIST_FILE = YES;
				INFOPLIST_FILE = MVVMCleanRxDemo/Resource/Info.plist;
				INFOPLIST_KEY_UIApplicationSupportsIndirectInputEvents = YES;
				INFOPLIST_KEY_UILaunchStoryboardName = LaunchScreen;
				INFOPLIST_KEY_UIMainStoryboardFile = Main;
				INFOPLIST_KEY_UISupportedInterfaceOrientations_iPad = "UIInterfaceOrientationPortrait UIInterfaceOrientationPortraitUpsideDown UIInterfaceOrientationLandscapeLeft UIInterfaceOrientationLandscapeRight";
				INFOPLIST_KEY_UISupportedInterfaceOrientations_iPhone = "UIInterfaceOrientationPortrait UIInterfaceOrientationLandscapeLeft UIInterfaceOrientationLandscapeRight";
				IPHONEOS_DEPLOYMENT_TARGET = 15.0;
				LD_RUNPATH_SEARCH_PATHS = (
					"$(inherited)",
					"@executable_path/Frameworks",
				);
				MARKETING_VERSION = 1.0;
				PRODUCT_BUNDLE_IDENTIFIER = nun.smb.MVVMCleanRxDemo;
				PRODUCT_NAME = "$(TARGET_NAME)";
				SWIFT_EMIT_LOC_STRINGS = YES;
				SWIFT_VERSION = 5.0;
				TARGETED_DEVICE_FAMILY = "1,2";
			};
			name = Debug;
		};
		1C0457FB2A81F73800922B48 /* Release */ = {
			isa = XCBuildConfiguration;
			baseConfigurationReference = 47C2A719DF2EFEB0C066DA9A /* Pods-MVVMCleanRxDemo.release.xcconfig */;
			buildSettings = {
				ASSETCATALOG_COMPILER_APPICON_NAME = AppIcon;
				ASSETCATALOG_COMPILER_GLOBAL_ACCENT_COLOR_NAME = AccentColor;
				CODE_SIGN_STYLE = Automatic;
				CURRENT_PROJECT_VERSION = 1;
				DEVELOPMENT_TEAM = L52U2QMKSA;
				GENERATE_INFOPLIST_FILE = YES;
				INFOPLIST_FILE = MVVMCleanRxDemo/Resource/Info.plist;
				INFOPLIST_KEY_UIApplicationSupportsIndirectInputEvents = YES;
				INFOPLIST_KEY_UILaunchStoryboardName = LaunchScreen;
				INFOPLIST_KEY_UIMainStoryboardFile = Main;
				INFOPLIST_KEY_UISupportedInterfaceOrientations_iPad = "UIInterfaceOrientationPortrait UIInterfaceOrientationPortraitUpsideDown UIInterfaceOrientationLandscapeLeft UIInterfaceOrientationLandscapeRight";
				INFOPLIST_KEY_UISupportedInterfaceOrientations_iPhone = "UIInterfaceOrientationPortrait UIInterfaceOrientationLandscapeLeft UIInterfaceOrientationLandscapeRight";
				IPHONEOS_DEPLOYMENT_TARGET = 15.0;
				LD_RUNPATH_SEARCH_PATHS = (
					"$(inherited)",
					"@executable_path/Frameworks",
				);
				MARKETING_VERSION = 1.0;
				PRODUCT_BUNDLE_IDENTIFIER = nun.smb.MVVMCleanRxDemo;
				PRODUCT_NAME = "$(TARGET_NAME)";
				SWIFT_EMIT_LOC_STRINGS = YES;
				SWIFT_VERSION = 5.0;
				TARGETED_DEVICE_FAMILY = "1,2";
			};
			name = Release;
		};
		1C0457FD2A81F73800922B48 /* Debug */ = {
			isa = XCBuildConfiguration;
			buildSettings = {
				ALWAYS_EMBED_SWIFT_STANDARD_LIBRARIES = YES;
				BUNDLE_LOADER = "$(TEST_HOST)";
				CODE_SIGN_STYLE = Automatic;
				CURRENT_PROJECT_VERSION = 1;
				DEVELOPMENT_TEAM = L52U2QMKSA;
				GENERATE_INFOPLIST_FILE = YES;
				IPHONEOS_DEPLOYMENT_TARGET = 16.4;
				MARKETING_VERSION = 1.0;
				PRODUCT_BUNDLE_IDENTIFIER = nun.smb.MVVMCleanRxDemoTests;
				PRODUCT_NAME = "$(TARGET_NAME)";
				SWIFT_EMIT_LOC_STRINGS = NO;
				SWIFT_VERSION = 5.0;
				TARGETED_DEVICE_FAMILY = "1,2";
				TEST_HOST = "$(BUILT_PRODUCTS_DIR)/MVVMCleanRxDemo.app/$(BUNDLE_EXECUTABLE_FOLDER_PATH)/MVVMCleanRxDemo";
			};
			name = Debug;
		};
		1C0457FE2A81F73800922B48 /* Release */ = {
			isa = XCBuildConfiguration;
			buildSettings = {
				ALWAYS_EMBED_SWIFT_STANDARD_LIBRARIES = YES;
				BUNDLE_LOADER = "$(TEST_HOST)";
				CODE_SIGN_STYLE = Automatic;
				CURRENT_PROJECT_VERSION = 1;
				DEVELOPMENT_TEAM = L52U2QMKSA;
				GENERATE_INFOPLIST_FILE = YES;
				IPHONEOS_DEPLOYMENT_TARGET = 16.4;
				MARKETING_VERSION = 1.0;
				PRODUCT_BUNDLE_IDENTIFIER = nun.smb.MVVMCleanRxDemoTests;
				PRODUCT_NAME = "$(TARGET_NAME)";
				SWIFT_EMIT_LOC_STRINGS = NO;
				SWIFT_VERSION = 5.0;
				TARGETED_DEVICE_FAMILY = "1,2";
				TEST_HOST = "$(BUILT_PRODUCTS_DIR)/MVVMCleanRxDemo.app/$(BUNDLE_EXECUTABLE_FOLDER_PATH)/MVVMCleanRxDemo";
			};
			name = Release;
		};
		1C0458002A81F73800922B48 /* Debug */ = {
			isa = XCBuildConfiguration;
			buildSettings = {
				ALWAYS_EMBED_SWIFT_STANDARD_LIBRARIES = YES;
				CODE_SIGN_STYLE = Automatic;
				CURRENT_PROJECT_VERSION = 1;
				DEVELOPMENT_TEAM = L52U2QMKSA;
				GENERATE_INFOPLIST_FILE = YES;
				MARKETING_VERSION = 1.0;
				PRODUCT_BUNDLE_IDENTIFIER = nun.smb.MVVMCleanRxDemoUITests;
				PRODUCT_NAME = "$(TARGET_NAME)";
				SWIFT_EMIT_LOC_STRINGS = NO;
				SWIFT_VERSION = 5.0;
				TARGETED_DEVICE_FAMILY = "1,2";
				TEST_TARGET_NAME = MVVMCleanRxDemo;
			};
			name = Debug;
		};
		1C0458012A81F73800922B48 /* Release */ = {
			isa = XCBuildConfiguration;
			buildSettings = {
				ALWAYS_EMBED_SWIFT_STANDARD_LIBRARIES = YES;
				CODE_SIGN_STYLE = Automatic;
				CURRENT_PROJECT_VERSION = 1;
				DEVELOPMENT_TEAM = L52U2QMKSA;
				GENERATE_INFOPLIST_FILE = YES;
				MARKETING_VERSION = 1.0;
				PRODUCT_BUNDLE_IDENTIFIER = nun.smb.MVVMCleanRxDemoUITests;
				PRODUCT_NAME = "$(TARGET_NAME)";
				SWIFT_EMIT_LOC_STRINGS = NO;
				SWIFT_VERSION = 5.0;
				TARGETED_DEVICE_FAMILY = "1,2";
				TEST_TARGET_NAME = MVVMCleanRxDemo;
			};
			name = Release;
		};
/* End XCBuildConfiguration section */

/* Begin XCConfigurationList section */
		1C0457CA2A81F73700922B48 /* Build configuration list for PBXProject "MVVMCleanRxDemo" */ = {
			isa = XCConfigurationList;
			buildConfigurations = (
				1C0457F72A81F73800922B48 /* Debug */,
				1C0457F82A81F73800922B48 /* Release */,
			);
			defaultConfigurationIsVisible = 0;
			defaultConfigurationName = Release;
		};
		1C0457F92A81F73800922B48 /* Build configuration list for PBXNativeTarget "MVVMCleanRxDemo" */ = {
			isa = XCConfigurationList;
			buildConfigurations = (
				1C0457FA2A81F73800922B48 /* Debug */,
				1C0457FB2A81F73800922B48 /* Release */,
			);
			defaultConfigurationIsVisible = 0;
			defaultConfigurationName = Release;
		};
		1C0457FC2A81F73800922B48 /* Build configuration list for PBXNativeTarget "MVVMCleanRxDemoTests" */ = {
			isa = XCConfigurationList;
			buildConfigurations = (
				1C0457FD2A81F73800922B48 /* Debug */,
				1C0457FE2A81F73800922B48 /* Release */,
			);
			defaultConfigurationIsVisible = 0;
			defaultConfigurationName = Release;
		};
		1C0457FF2A81F73800922B48 /* Build configuration list for PBXNativeTarget "MVVMCleanRxDemoUITests" */ = {
			isa = XCConfigurationList;
			buildConfigurations = (
				1C0458002A81F73800922B48 /* Debug */,
				1C0458012A81F73800922B48 /* Release */,
			);
			defaultConfigurationIsVisible = 0;
			defaultConfigurationName = Release;
		};
/* End XCConfigurationList section */
	};
	rootObject = 1C0457C72A81F73700922B48 /* Project object */;
}
